// !$*UTF8*$!
{
	archiveVersion = 1;
	classes = {
	};
	objectVersion = 46;
	objects = {

/* Begin PBXBuildFile section */
		4B86BF131A9007C4008C7563 /* AppDelegate.swift in Sources */ = {isa = PBXBuildFile; fileRef = 4B86BF121A9007C4008C7563 /* AppDelegate.swift */; };
		4B86BF151A9007C4008C7563 /* ViewController.swift in Sources */ = {isa = PBXBuildFile; fileRef = 4B86BF141A9007C4008C7563 /* ViewController.swift */; };
		4B86BF181A9007C4008C7563 /* Main.storyboard in Resources */ = {isa = PBXBuildFile; fileRef = 4B86BF161A9007C4008C7563 /* Main.storyboard */; };
		4B86BF1A1A9007C5008C7563 /* Images.xcassets in Resources */ = {isa = PBXBuildFile; fileRef = 4B86BF191A9007C5008C7563 /* Images.xcassets */; };
		4B86BF1D1A9007C5008C7563 /* LaunchScreen.xib in Resources */ = {isa = PBXBuildFile; fileRef = 4B86BF1B1A9007C5008C7563 /* LaunchScreen.xib */; };
		4B86BF291A9007C5008C7563 /* carouselTests.swift in Sources */ = {isa = PBXBuildFile; fileRef = 4B86BF281A9007C5008C7563 /* carouselTests.swift */; };
		4B86BF351A900873008C7563 /* IntroViewController.swift in Sources */ = {isa = PBXBuildFile; fileRef = 4B86BF341A900873008C7563 /* IntroViewController.swift */; };
		4BDB334F1A903AA4007810D5 /* Common.swift in Sources */ = {isa = PBXBuildFile; fileRef = 4BDB334E1A903AA4007810D5 /* Common.swift */; };
		4BDB33511A907A4F007810D5 /* SignInViewController.swift in Sources */ = {isa = PBXBuildFile; fileRef = 4BDB33501A907A4F007810D5 /* SignInViewController.swift */; };
		4BDB33531A90A071007810D5 /* WelcomeViewController.swift in Sources */ = {isa = PBXBuildFile; fileRef = 4BDB33521A90A071007810D5 /* WelcomeViewController.swift */; };
		4BDB33551A912453007810D5 /* TimelineViewController.swift in Sources */ = {isa = PBXBuildFile; fileRef = 4BDB33541A912453007810D5 /* TimelineViewController.swift */; };
		4BDB33571A91262C007810D5 /* ConversationViewController.swift in Sources */ = {isa = PBXBuildFile; fileRef = 4BDB33561A91262C007810D5 /* ConversationViewController.swift */; };
		4BDB33591A912924007810D5 /* SettingsViewController.swift in Sources */ = {isa = PBXBuildFile; fileRef = 4BDB33581A912924007810D5 /* SettingsViewController.swift */; };
/* End PBXBuildFile section */

/* Begin PBXContainerItemProxy section */
		4B86BF231A9007C5008C7563 /* PBXContainerItemProxy */ = {
			isa = PBXContainerItemProxy;
			containerPortal = 4B86BF051A9007C4008C7563 /* Project object */;
			proxyType = 1;
			remoteGlobalIDString = 4B86BF0C1A9007C4008C7563;
			remoteInfo = carousel;
		};
/* End PBXContainerItemProxy section */

/* Begin PBXFileReference section */
		4B86BF0D1A9007C4008C7563 /* carousel.app */ = {isa = PBXFileReference; explicitFileType = wrapper.application; includeInIndex = 0; path = carousel.app; sourceTree = BUILT_PRODUCTS_DIR; };
		4B86BF111A9007C4008C7563 /* Info.plist */ = {isa = PBXFileReference; lastKnownFileType = text.plist.xml; path = Info.plist; sourceTree = "<group>"; };
		4B86BF121A9007C4008C7563 /* AppDelegate.swift */ = {isa = PBXFileReference; lastKnownFileType = sourcecode.swift; path = AppDelegate.swift; sourceTree = "<group>"; };
		4B86BF141A9007C4008C7563 /* ViewController.swift */ = {isa = PBXFileReference; lastKnownFileType = sourcecode.swift; path = ViewController.swift; sourceTree = "<group>"; };
		4B86BF171A9007C4008C7563 /* Base */ = {isa = PBXFileReference; lastKnownFileType = file.storyboard; name = Base; path = Base.lproj/Main.storyboard; sourceTree = "<group>"; };
		4B86BF191A9007C5008C7563 /* Images.xcassets */ = {isa = PBXFileReference; lastKnownFileType = folder.assetcatalog; path = Images.xcassets; sourceTree = "<group>"; };
		4B86BF1C1A9007C5008C7563 /* Base */ = {isa = PBXFileReference; lastKnownFileType = file.xib; name = Base; path = Base.lproj/LaunchScreen.xib; sourceTree = "<group>"; };
		4B86BF221A9007C5008C7563 /* carouselTests.xctest */ = {isa = PBXFileReference; explicitFileType = wrapper.cfbundle; includeInIndex = 0; path = carouselTests.xctest; sourceTree = BUILT_PRODUCTS_DIR; };
		4B86BF271A9007C5008C7563 /* Info.plist */ = {isa = PBXFileReference; lastKnownFileType = text.plist.xml; path = Info.plist; sourceTree = "<group>"; };
		4B86BF281A9007C5008C7563 /* carouselTests.swift */ = {isa = PBXFileReference; lastKnownFileType = sourcecode.swift; path = carouselTests.swift; sourceTree = "<group>"; };
		4B86BF341A900873008C7563 /* IntroViewController.swift */ = {isa = PBXFileReference; fileEncoding = 4; lastKnownFileType = sourcecode.swift; path = IntroViewController.swift; sourceTree = "<group>"; };
		4BDB334E1A903AA4007810D5 /* Common.swift */ = {isa = PBXFileReference; fileEncoding = 4; lastKnownFileType = sourcecode.swift; path = Common.swift; sourceTree = "<group>"; };
		4BDB33501A907A4F007810D5 /* SignInViewController.swift */ = {isa = PBXFileReference; fileEncoding = 4; lastKnownFileType = sourcecode.swift; path = SignInViewController.swift; sourceTree = "<group>"; };
		4BDB33521A90A071007810D5 /* WelcomeViewController.swift */ = {isa = PBXFileReference; fileEncoding = 4; lastKnownFileType = sourcecode.swift; path = WelcomeViewController.swift; sourceTree = "<group>"; };
		4BDB33541A912453007810D5 /* TimelineViewController.swift */ = {isa = PBXFileReference; fileEncoding = 4; lastKnownFileType = sourcecode.swift; path = TimelineViewController.swift; sourceTree = "<group>"; };
		4BDB33561A91262C007810D5 /* ConversationViewController.swift */ = {isa = PBXFileReference; fileEncoding = 4; lastKnownFileType = sourcecode.swift; path = ConversationViewController.swift; sourceTree = "<group>"; };
		4BDB33581A912924007810D5 /* SettingsViewController.swift */ = {isa = PBXFileReference; fileEncoding = 4; lastKnownFileType = sourcecode.swift; path = SettingsViewController.swift; sourceTree = "<group>"; };
/* End PBXFileReference section */

/* Begin PBXFrameworksBuildPhase section */
		4B86BF0A1A9007C4008C7563 /* Frameworks */ = {
			isa = PBXFrameworksBuildPhase;
			buildActionMask = 2147483647;
			files = (
			);
			runOnlyForDeploymentPostprocessing = 0;
		};
		4B86BF1F1A9007C5008C7563 /* Frameworks */ = {
			isa = PBXFrameworksBuildPhase;
			buildActionMask = 2147483647;
			files = (
			);
			runOnlyForDeploymentPostprocessing = 0;
		};
/* End PBXFrameworksBuildPhase section */

/* Begin PBXGroup section */
		4B86BF041A9007C4008C7563 = {
			isa = PBXGroup;
			children = (
				4B86BF0F1A9007C4008C7563 /* carousel */,
				4B86BF251A9007C5008C7563 /* carouselTests */,
				4B86BF0E1A9007C4008C7563 /* Products */,
			);
			sourceTree = "<group>";
		};
		4B86BF0E1A9007C4008C7563 /* Products */ = {
			isa = PBXGroup;
			children = (
				4B86BF0D1A9007C4008C7563 /* carousel.app */,
				4B86BF221A9007C5008C7563 /* carouselTests.xctest */,
			);
			name = Products;
			sourceTree = "<group>";
		};
		4B86BF0F1A9007C4008C7563 /* carousel */ = {
			isa = PBXGroup;
			children = (
				4BDB334E1A903AA4007810D5 /* Common.swift */,
				4B86BF121A9007C4008C7563 /* AppDelegate.swift */,
				4B86BF141A9007C4008C7563 /* ViewController.swift */,
				4B86BF161A9007C4008C7563 /* Main.storyboard */,
				4BDB33581A912924007810D5 /* SettingsViewController.swift */,
				4BDB33561A91262C007810D5 /* ConversationViewController.swift */,
				4BDB33541A912453007810D5 /* TimelineViewController.swift */,
				4BDB33521A90A071007810D5 /* WelcomeViewController.swift */,
				4BDB33501A907A4F007810D5 /* SignInViewController.swift */,
				4B86BF341A900873008C7563 /* IntroViewController.swift */,
				4B86BF191A9007C5008C7563 /* Images.xcassets */,
				4B86BF1B1A9007C5008C7563 /* LaunchScreen.xib */,
				4B86BF101A9007C4008C7563 /* Supporting Files */,
			);
			path = carousel;
			sourceTree = "<group>";
		};
		4B86BF101A9007C4008C7563 /* Supporting Files */ = {
			isa = PBXGroup;
			children = (
				4B86BF111A9007C4008C7563 /* Info.plist */,
			);
			name = "Supporting Files";
			sourceTree = "<group>";
		};
		4B86BF251A9007C5008C7563 /* carouselTests */ = {
			isa = PBXGroup;
			children = (
				4B86BF281A9007C5008C7563 /* carouselTests.swift */,
				4B86BF261A9007C5008C7563 /* Supporting Files */,
			);
			path = carouselTests;
			sourceTree = "<group>";
		};
		4B86BF261A9007C5008C7563 /* Supporting Files */ = {
			isa = PBXGroup;
			children = (
				4B86BF271A9007C5008C7563 /* Info.plist */,
			);
			name = "Supporting Files";
			sourceTree = "<group>";
		};
/* End PBXGroup section */

/* Begin PBXNativeTarget section */
		4B86BF0C1A9007C4008C7563 /* carousel */ = {
			isa = PBXNativeTarget;
			buildConfigurationList = 4B86BF2C1A9007C5008C7563 /* Build configuration list for PBXNativeTarget "carousel" */;
			buildPhases = (
				4B86BF091A9007C4008C7563 /* Sources */,
				4B86BF0A1A9007C4008C7563 /* Frameworks */,
				4B86BF0B1A9007C4008C7563 /* Resources */,
			);
			buildRules = (
			);
			dependencies = (
			);
			name = carousel;
			productName = carousel;
			productReference = 4B86BF0D1A9007C4008C7563 /* carousel.app */;
			productType = "com.apple.product-type.application";
		};
		4B86BF211A9007C5008C7563 /* carouselTests */ = {
			isa = PBXNativeTarget;
			buildConfigurationList = 4B86BF2F1A9007C5008C7563 /* Build configuration list for PBXNativeTarget "carouselTests" */;
			buildPhases = (
				4B86BF1E1A9007C5008C7563 /* Sources */,
				4B86BF1F1A9007C5008C7563 /* Frameworks */,
				4B86BF201A9007C5008C7563 /* Resources */,
			);
			buildRules = (
			);
			dependencies = (
				4B86BF241A9007C5008C7563 /* PBXTargetDependency */,
			);
			name = carouselTests;
			productName = carouselTests;
			productReference = 4B86BF221A9007C5008C7563 /* carouselTests.xctest */;
			productType = "com.apple.product-type.bundle.unit-test";
		};
/* End PBXNativeTarget section */

/* Begin PBXProject section */
		4B86BF051A9007C4008C7563 /* Project object */ = {
			isa = PBXProject;
			attributes = {
				LastUpgradeCheck = 0610;
				ORGANIZATIONNAME = "Wan-Ting Huang";
				TargetAttributes = {
					4B86BF0C1A9007C4008C7563 = {
						CreatedOnToolsVersion = 6.1.1;
					};
					4B86BF211A9007C5008C7563 = {
						CreatedOnToolsVersion = 6.1.1;
						TestTargetID = 4B86BF0C1A9007C4008C7563;
					};
				};
			};
			buildConfigurationList = 4B86BF081A9007C4008C7563 /* Build configuration list for PBXProject "carousel" */;
			compatibilityVersion = "Xcode 3.2";
			developmentRegion = English;
			hasScannedForEncodings = 0;
			knownRegions = (
				en,
				Base,
			);
			mainGroup = 4B86BF041A9007C4008C7563;
			productRefGroup = 4B86BF0E1A9007C4008C7563 /* Products */;
			projectDirPath = "";
			projectRoot = "";
			targets = (
				4B86BF0C1A9007C4008C7563 /* carousel */,
				4B86BF211A9007C5008C7563 /* carouselTests */,
			);
		};
/* End PBXProject section */

/* Begin PBXResourcesBuildPhase section */
		4B86BF0B1A9007C4008C7563 /* Resources */ = {
			isa = PBXResourcesBuildPhase;
			buildActionMask = 2147483647;
			files = (
				4B86BF181A9007C4008C7563 /* Main.storyboard in Resources */,
				4B86BF1D1A9007C5008C7563 /* LaunchScreen.xib in Resources */,
				4B86BF1A1A9007C5008C7563 /* Images.xcassets in Resources */,
			);
			runOnlyForDeploymentPostprocessing = 0;
		};
		4B86BF201A9007C5008C7563 /* Resources */ = {
			isa = PBXResourcesBuildPhase;
			buildActionMask = 2147483647;
			files = (
			);
			runOnlyForDeploymentPostprocessing = 0;
		};
/* End PBXResourcesBuildPhase section */

/* Begin PBXSourcesBuildPhase section */
		4B86BF091A9007C4008C7563 /* Sources */ = {
			isa = PBXSourcesBuildPhase;
			buildActionMask = 2147483647;
			files = (
				4BDB334F1A903AA4007810D5 /* Common.swift in Sources */,
				4B86BF151A9007C4008C7563 /* ViewController.swift in Sources */,
				4BDB33571A91262C007810D5 /* ConversationViewController.swift in Sources */,
				4B86BF131A9007C4008C7563 /* AppDelegate.swift in Sources */,
				4BDB33531A90A071007810D5 /* WelcomeViewController.swift in Sources */,
				4BDB33551A912453007810D5 /* TimelineViewController.swift in Sources */,
				4BDB33511A907A4F007810D5 /* SignInViewController.swift in Sources */,
				4B86BF351A900873008C7563 /* IntroViewController.swift in Sources */,
				4BDB33591A912924007810D5 /* SettingsViewController.swift in Sources */,
			);
			runOnlyForDeploymentPostprocessing = 0;
		};
		4B86BF1E1A9007C5008C7563 /* Sources */ = {
			isa = PBXSourcesBuildPhase;
			buildActionMask = 2147483647;
			files = (
				4B86BF291A9007C5008C7563 /* carouselTests.swift in Sources */,
			);
			runOnlyForDeploymentPostprocessing = 0;
		};
/* End PBXSourcesBuildPhase section */

/* Begin PBXTargetDependency section */
		4B86BF241A9007C5008C7563 /* PBXTargetDependency */ = {
			isa = PBXTargetDependency;
			target = 4B86BF0C1A9007C4008C7563 /* carousel */;
			targetProxy = 4B86BF231A9007C5008C7563 /* PBXContainerItemProxy */;
		};
/* End PBXTargetDependency section */

/* Begin PBXVariantGroup section */
		4B86BF161A9007C4008C7563 /* Main.storyboard */ = {
			isa = PBXVariantGroup;
			children = (
				4B86BF171A9007C4008C7563 /* Base */,
			);
			name = Main.storyboard;
			sourceTree = "<group>";
		};
		4B86BF1B1A9007C5008C7563 /* LaunchScreen.xib */ = {
			isa = PBXVariantGroup;
			children = (
				4B86BF1C1A9007C5008C7563 /* Base */,
			);
			name = LaunchScreen.xib;
			sourceTree = "<group>";
		};
/* End PBXVariantGroup section */

/* Begin XCBuildConfiguration section */
		4B86BF2A1A9007C5008C7563 /* Debug */ = {
			isa = XCBuildConfiguration;
			buildSettings = {
				ALWAYS_SEARCH_USER_PATHS = NO;
				CLANG_CXX_LANGUAGE_STANDARD = "gnu++0x";
				CLANG_CXX_LIBRARY = "libc++";
				CLANG_ENABLE_MODULES = YES;
				CLANG_ENABLE_OBJC_ARC = YES;
				CLANG_WARN_BOOL_CONVERSION = YES;
				CLANG_WARN_CONSTANT_CONVERSION = YES;
				CLANG_WARN_DIRECT_OBJC_ISA_USAGE = YES_ERROR;
				CLANG_WARN_EMPTY_BODY = YES;
				CLANG_WARN_ENUM_CONVERSION = YES;
				CLANG_WARN_INT_CONVERSION = YES;
				CLANG_WARN_OBJC_ROOT_CLASS = YES_ERROR;
				CLANG_WARN_UNREACHABLE_CODE = YES;
				CLANG_WARN__DUPLICATE_METHOD_MATCH = YES;
				"CODE_SIGN_IDENTITY[sdk=iphoneos*]" = "iPhone Developer";
				COPY_PHASE_STRIP = NO;
				ENABLE_STRICT_OBJC_MSGSEND = YES;
				GCC_C_LANGUAGE_STANDARD = gnu99;
				GCC_DYNAMIC_NO_PIC = NO;
				GCC_OPTIMIZATION_LEVEL = 0;
				GCC_PREPROCESSOR_DEFINITIONS = (
					"DEBUG=1",
					"$(inherited)",
				);
				GCC_SYMBOLS_PRIVATE_EXTERN = NO;
				GCC_WARN_64_TO_32_BIT_CONVERSION = YES;
				GCC_WARN_ABOUT_RETURN_TYPE = YES_ERROR;
				GCC_WARN_UNDECLARED_SELECTOR = YES;
				GCC_WARN_UNINITIALIZED_AUTOS = YES_AGGRESSIVE;
				GCC_WARN_UNUSED_FUNCTION = YES;
				GCC_WARN_UNUSED_VARIABLE = YES;
				IPHONEOS_DEPLOYMENT_TARGET = 8.1;
				MTL_ENABLE_DEBUG_INFO = YES;
				ONLY_ACTIVE_ARCH = YES;
				SDKROOT = iphoneos;
				SWIFT_OPTIMIZATION_LEVEL = "-Onone";
			};
			name = Debug;
		};
		4B86BF2B1A9007C5008C7563 /* Release */ = {
			isa = XCBuildConfiguration;
			buildSettings = {
				ALWAYS_SEARCH_USER_PATHS = NO;
				CLANG_CXX_LANGUAGE_STANDARD = "gnu++0x";
				CLANG_CXX_LIBRARY = "libc++";
				CLANG_ENABLE_MODULES = YES;
				CLANG_ENABLE_OBJC_ARC = YES;
				CLANG_WARN_BOOL_CONVERSION = YES;
				CLANG_WARN_CONSTANT_CONVERSION = YES;
				CLANG_WARN_DIRECT_OBJC_ISA_USAGE = YES_ERROR;
				CLANG_WARN_EMPTY_BODY = YES;
				CLANG_WARN_ENUM_CONVERSION = YES;
				CLANG_WARN_INT_CONVERSION = YES;
				CLANG_WARN_OBJC_ROOT_CLASS = YES_ERROR;
				CLANG_WARN_UNREACHABLE_CODE = YES;
				CLANG_WARN__DUPLICATE_METHOD_MATCH = YES;
				"CODE_SIGN_IDENTITY[sdk=iphoneos*]" = "iPhone Developer";
				COPY_PHASE_STRIP = YES;
				ENABLE_NS_ASSERTIONS = NO;
				ENABLE_STRICT_OBJC_MSGSEND = YES;
				GCC_C_LANGUAGE_STANDARD = gnu99;
				GCC_WARN_64_TO_32_BIT_CONVERSION = YES;
				GCC_WARN_ABOUT_RETURN_TYPE = YES_ERROR;
				GCC_WARN_UNDECLARED_SELECTOR = YES;
				GCC_WARN_UNINITIALIZED_AUTOS = YES_AGGRESSIVE;
				GCC_WARN_UNUSED_FUNCTION = YES;
				GCC_WARN_UNUSED_VARIABLE = YES;
				IPHONEOS_DEPLOYMENT_TARGET = 8.1;
				MTL_ENABLE_DEBUG_INFO = NO;
				SDKROOT = iphoneos;
				VALIDATE_PRODUCT = YES;
			};
			name = Release;
		};
		4B86BF2D1A9007C5008C7563 /* Debug */ = {
			isa = XCBuildConfiguration;
			buildSettings = {
				ASSETCATALOG_COMPILER_APPICON_NAME = AppIcon;
				INFOPLIST_FILE = carousel/Info.plist;
				LD_RUNPATH_SEARCH_PATHS = "$(inherited) @executable_path/Frameworks";
				PRODUCT_NAME = "$(TARGET_NAME)";
			};
			name = Debug;
		};
		4B86BF2E1A9007C5008C7563 /* Release */ = {
			isa = XCBuildConfiguration;
			buildSettings = {
				ASSETCATALOG_COMPILER_APPICON_NAME = AppIcon;
				INFOPLIST_FILE = carousel/Info.plist;
				LD_RUNPATH_SEARCH_PATHS = "$(inherited) @executable_path/Frameworks";
				PRODUCT_NAME = "$(TARGET_NAME)";
			};
			name = Release;
		};
		4B86BF301A9007C5008C7563 /* Debug */ = {
			isa = XCBuildConfiguration;
			buildSettings = {
				BUNDLE_LOADER = "$(TEST_HOST)";
				FRAMEWORK_SEARCH_PATHS = (
					"$(SDKROOT)/Developer/Library/Frameworks",
					"$(inherited)",
				);
				GCC_PREPROCESSOR_DEFINITIONS = (
					"DEBUG=1",
					"$(inherited)",
				);
				INFOPLIST_FILE = carouselTests/Info.plist;
				LD_RUNPATH_SEARCH_PATHS = "$(inherited) @executable_path/Frameworks @loader_path/Frameworks";
				PRODUCT_NAME = "$(TARGET_NAME)";
				TEST_HOST = "$(BUILT_PRODUCTS_DIR)/carousel.app/carousel";
			};
			name = Debug;
		};
		4B86BF311A9007C5008C7563 /* Release */ = {
			isa = XCBuildConfiguration;
			buildSettings = {
				BUNDLE_LOADER = "$(TEST_HOST)";
				FRAMEWORK_SEARCH_PATHS = (
					"$(SDKROOT)/Developer/Library/Frameworks",
					"$(inherited)",
				);
				INFOPLIST_FILE = carouselTests/Info.plist;
				LD_RUNPATH_SEARCH_PATHS = "$(inherited) @executable_path/Frameworks @loader_path/Frameworks";
				PRODUCT_NAME = "$(TARGET_NAME)";
				TEST_HOST = "$(BUILT_PRODUCTS_DIR)/carousel.app/carousel";
			};
			name = Release;
		};
/* End XCBuildConfiguration section */

/* Begin XCConfigurationList section */
		4B86BF081A9007C4008C7563 /* Build configuration list for PBXProject "carousel" */ = {
			isa = XCConfigurationList;
			buildConfigurations = (
				4B86BF2A1A9007C5008C7563 /* Debug */,
				4B86BF2B1A9007C5008C7563 /* Release */,
			);
			defaultConfigurationIsVisible = 0;
			defaultConfigurationName = Release;
		};
		4B86BF2C1A9007C5008C7563 /* Build configuration list for PBXNativeTarget "carousel" */ = {
			isa = XCConfigurationList;
			buildConfigurations = (
				4B86BF2D1A9007C5008C7563 /* Debug */,
				4B86BF2E1A9007C5008C7563 /* Release */,
			);
			defaultConfigurationIsVisible = 0;
			defaultConfigurationName = Release;
		};
		4B86BF2F1A9007C5008C7563 /* Build configuration list for PBXNativeTarget "carouselTests" */ = {
			isa = XCConfigurationList;
			buildConfigurations = (
				4B86BF301A9007C5008C7563 /* Debug */,
				4B86BF311A9007C5008C7563 /* Release */,
			);
			defaultConfigurationIsVisible = 0;
			defaultConfigurationName = Release;
		};
/* End XCConfigurationList section */
	};
	rootObject = 4B86BF051A9007C4008C7563 /* Project object */;
}
